
Microsoft Visual Studio Solution File, Format Version 12.00
# Visual Studio Version 17
VisualStudioVersion = 17.7.34024.191
MinimumVisualStudioVersion = 10.0.40219.1
Project("{9A19103F-16F7-4668-BE54-9A1E7A4F7556}") = "BusinessLayer", "BusinessLayer\BusinessLayer.csproj", "{1AFEB3BD-BB0D-4905-BDF0-C6BAFD2FD9B2}"
EndProject
Project("{9A19103F-16F7-4668-BE54-9A1E7A4F7556}") = "DataAccessLayer", "DataAccessLayer\DataAccessLayer.csproj", "{FDFACC3F-44AF-45CC-9932-254CFF170DA0}"
EndProject
Project("{9A19103F-16F7-4668-BE54-9A1E7A4F7556}") = "EntityLayer", "EntityLayer\EntityLayer.csproj", "{56DC6A69-5D0D-4818-BA0B-D3740EC6C554}"
EndProject
Project("{9A19103F-16F7-4668-BE54-9A1E7A4F7556}") = "eshoper", "eshoper\eshoper.csproj", "{55CB3C9E-7C93-47BE-8082-7519F5127B1C}"
EndProject
Global
	GlobalSection(SolutionConfigurationPlatforms) = preSolution
		Debug|Any CPU = Debug|Any CPU
		Release|Any CPU = Release|Any CPU
	EndGlobalSection
	GlobalSection(ProjectConfigurationPlatforms) = postSolution
		{1AFEB3BD-BB0D-4905-BDF0-C6BAFD2FD9B2}.Debug|Any CPU.ActiveCfg = Debug|Any CPU
		{1AFEB3BD-BB0D-4905-BDF0-C6BAFD2FD9B2}.Debug|Any CPU.Build.0 = Debug|Any CPU
		{1AFEB3BD-BB0D-4905-BDF0-C6BAFD2FD9B2}.Release|Any CPU.ActiveCfg = Release|Any CPU
		{1AFEB3BD-BB0D-4905-BDF0-C6BAFD2FD9B2}.Release|Any CPU.Build.0 = Release|Any CPU
		{FDFACC3F-44AF-45CC-9932-254CFF170DA0}.Debug|Any CPU.ActiveCfg = Debug|Any CPU
		{FDFACC3F-44AF-45CC-9932-254CFF170DA0}.Debug|Any CPU.Build.0 = Debug|Any CPU
		{FDFACC3F-44AF-45CC-9932-254CFF170DA0}.Release|Any CPU.ActiveCfg = Release|Any CPU
		{FDFACC3F-44AF-45CC-9932-254CFF170DA0}.Release|Any CPU.Build.0 = Release|Any CPU
		{56DC6A69-5D0D-4818-BA0B-D3740EC6C554}.Debug|Any CPU.ActiveCfg = Debug|Any CPU
		{56DC6A69-5D0D-4818-BA0B-D3740EC6C554}.Debug|Any CPU.Build.0 = Debug|Any CPU
		{56DC6A69-5D0D-4818-BA0B-D3740EC6C554}.Release|Any CPU.ActiveCfg = Release|Any CPU
		{56DC6A69-5D0D-4818-BA0B-D3740EC6C554}.Release|Any CPU.Build.0 = Release|Any CPU
		{55CB3C9E-7C93-47BE-8082-7519F5127B1C}.Debug|Any CPU.ActiveCfg = Debug|Any CPU
		{55CB3C9E-7C93-47BE-8082-7519F5127B1C}.Debug|Any CPU.Build.0 = Debug|Any CPU
		{55CB3C9E-7C93-47BE-8082-7519F5127B1C}.Release|Any CPU.ActiveCfg = Release|Any CPU
		{55CB3C9E-7C93-47BE-8082-7519F5127B1C}.Release|Any CPU.Build.0 = Release|Any CPU
	EndGlobalSection
	GlobalSection(SolutionProperties) = preSolution
		HideSolutionNode = FALSE
	EndGlobalSection
	GlobalSection(ExtensibilityGlobals) = postSolution
		SolutionGuid = {9DF9864D-B370-4B21-BE86-E5DD6F408B78}
	EndGlobalSection
EndGlobal
